
Microsoft Visual Studio Solution File, Format Version 12.00
# Visual Studio Version 17
VisualStudioVersion = 17.14.36429.23
MinimumVisualStudioVersion = 10.0.40219.1
Project("{2150E333-8FDC-42A3-9474-1A3956D46DE8}") = "Task0", "Task0", "{02EA681E-C7D8-13C7-8484-4AC65E1B71E8}"
EndProject
Project("{FAE04EC0-301F-11D3-BF4B-00C04F79EFBC}") = "Tyuiu.VariiMN.Sprint1.Task0.V19", "Tyuiu.VariiMN.Sprint1.Task0.V19\Tyuiu.VariiMN.Sprint1.Task0.V19.csproj", "{12A06EDD-C55A-49DA-B40D-4C449E8AC5E2}"
EndProject
Project("{FAE04EC0-301F-11D3-BF4B-00C04F79EFBC}") = "Tyuiu.VariiMN.Sprint1.Task0.V19.Test", "Tyuiu.VariiMN.Sprint1.Task0.V19.Test\Tyuiu.VariiMN.Sprint1.Task0.V19.Test.csproj", "{92B01689-9DFC-4455-88B5-6C814C958A71}"
EndProject
Project("{FAE04EC0-301F-11D3-BF4B-00C04F79EFBC}") = "Tyuiu.VariiMN.Sprint1.Task0.V19.Lib", "Tyuiu.VariiMN.Sprint1.Task0.V19.Lib\Tyuiu.VariiMN.Sprint1.Task0.V19.Lib.csproj", "{AB0F8BDC-1052-4B48-A4BD-4BF0CFF95087}"
EndProject
Project("{2150E333-8FDC-42A3-9474-1A3956D46DE8}") = "Task1", "Task1", "{0082778D-D640-46FE-B2DD-7A1F7FA2861E}"
EndProject
Project("{FAE04EC0-301F-11D3-BF4B-00C04F79EFBC}") = "Tyuiu.VariiMN.Sprint1.Task1.V9", "Tyuiu.VariiMN.Sprint1.Task1.V9\Tyuiu.VariiMN.Sprint1.Task1.V9.csproj", "{0D09DF62-9F2C-4C18-9627-4D2F4E1E4AA5}"
EndProject
Project("{FAE04EC0-301F-11D3-BF4B-00C04F79EFBC}") = "Tyuiu.VariiMN.Sprint1.Task1.V9.Lib", "Tyuiu.VariiMN.Sprint1.Task1.V9.Lib\Tyuiu.VariiMN.Sprint1.Task1.V9.Lib.csproj", "{A4F42F51-76D7-4DC1-9E52-8A5F988836ED}"
EndProject
Project("{FAE04EC0-301F-11D3-BF4B-00C04F79EFBC}") = "Tyuiu.VariiMN.Sprint1.Task1.V9.Test", "Tyuiu.VariiMN.Sprint1.Task1.V9.Test\Tyuiu.VariiMN.Sprint1.Task1.V9.Test.csproj", "{E06BDE4F-A3B7-4416-8BA3-1CAB8F252650}"
EndProject
Project("{2150E333-8FDC-42A3-9474-1A3956D46DE8}") = "Task2", "Task2", "{3680DC01-77E9-4EB5-B1E9-517BE57C7CC8}"
EndProject
Project("{FAE04EC0-301F-11D3-BF4B-00C04F79EFBC}") = "Tyuiu.VariiMN.Sprint1.Task2.V15", "Tyuiu.VariiMN.Sprint1.Task2.V15\Tyuiu.VariiMN.Sprint1.Task2.V15.csproj", "{A7A2AE83-A407-4EB7-809C-E9F914A94A65}"
EndProject
Project("{FAE04EC0-301F-11D3-BF4B-00C04F79EFBC}") = "Tyuiu.VariiMN.Sprint1.Task2.V15.Test", "Tyuiu.VariiMN.Sprint1.Task2.V15.Test\Tyuiu.VariiMN.Sprint1.Task2.V15.Test.csproj", "{DAE85CB5-662C-4C85-979C-F9596F5D1BAC}"
EndProject
Project("{FAE04EC0-301F-11D3-BF4B-00C04F79EFBC}") = "Tyuiu.VariiMN.Sprint1.Task2.V15.Lib", "Tyuiu.VariiMN.Sprint1.Task2.V15.Lib\Tyuiu.VariiMN.Sprint1.Task2.V15.Lib.csproj", "{C9A1B71C-1EBB-47E3-AB48-52701336F486}"
EndProject
Global
	GlobalSection(SolutionConfigurationPlatforms) = preSolution
		Debug|Any CPU = Debug|Any CPU
		Release|Any CPU = Release|Any CPU
	EndGlobalSection
	GlobalSection(ProjectConfigurationPlatforms) = postSolution
		{12A06EDD-C55A-49DA-B40D-4C449E8AC5E2}.Debug|Any CPU.ActiveCfg = Debug|Any CPU
		{12A06EDD-C55A-49DA-B40D-4C449E8AC5E2}.Debug|Any CPU.Build.0 = Debug|Any CPU
		{12A06EDD-C55A-49DA-B40D-4C449E8AC5E2}.Release|Any CPU.ActiveCfg = Release|Any CPU
		{12A06EDD-C55A-49DA-B40D-4C449E8AC5E2}.Release|Any CPU.Build.0 = Release|Any CPU
		{92B01689-9DFC-4455-88B5-6C814C958A71}.Debug|Any CPU.ActiveCfg = Debug|Any CPU
		{92B01689-9DFC-4455-88B5-6C814C958A71}.Debug|Any CPU.Build.0 = Debug|Any CPU
		{92B01689-9DFC-4455-88B5-6C814C958A71}.Release|Any CPU.ActiveCfg = Release|Any CPU
		{92B01689-9DFC-4455-88B5-6C814C958A71}.Release|Any CPU.Build.0 = Release|Any CPU
		{AB0F8BDC-1052-4B48-A4BD-4BF0CFF95087}.Debug|Any CPU.ActiveCfg = Debug|Any CPU
		{AB0F8BDC-1052-4B48-A4BD-4BF0CFF95087}.Debug|Any CPU.Build.0 = Debug|Any CPU
		{AB0F8BDC-1052-4B48-A4BD-4BF0CFF95087}.Release|Any CPU.ActiveCfg = Release|Any CPU
		{AB0F8BDC-1052-4B48-A4BD-4BF0CFF95087}.Release|Any CPU.Build.0 = Release|Any CPU
		{0D09DF62-9F2C-4C18-9627-4D2F4E1E4AA5}.Debug|Any CPU.ActiveCfg = Debug|Any CPU
		{0D09DF62-9F2C-4C18-9627-4D2F4E1E4AA5}.Debug|Any CPU.Build.0 = Debug|Any CPU
		{0D09DF62-9F2C-4C18-9627-4D2F4E1E4AA5}.Release|Any CPU.ActiveCfg = Release|Any CPU
		{0D09DF62-9F2C-4C18-9627-4D2F4E1E4AA5}.Release|Any CPU.Build.0 = Release|Any CPU
		{A4F42F51-76D7-4DC1-9E52-8A5F988836ED}.Debug|Any CPU.ActiveCfg = Debug|Any CPU
		{A4F42F51-76D7-4DC1-9E52-8A5F988836ED}.Debug|Any CPU.Build.0 = Debug|Any CPU
		{A4F42F51-76D7-4DC1-9E52-8A5F988836ED}.Release|Any CPU.ActiveCfg = Release|Any CPU
		{A4F42F51-76D7-4DC1-9E52-8A5F988836ED}.Release|Any CPU.Build.0 = Release|Any CPU
		{E06BDE4F-A3B7-4416-8BA3-1CAB8F252650}.Debug|Any CPU.ActiveCfg = Debug|Any CPU
		{E06BDE4F-A3B7-4416-8BA3-1CAB8F252650}.Debug|Any CPU.Build.0 = Debug|Any CPU
		{E06BDE4F-A3B7-4416-8BA3-1CAB8F252650}.Release|Any CPU.ActiveCfg = Release|Any CPU
		{E06BDE4F-A3B7-4416-8BA3-1CAB8F252650}.Release|Any CPU.Build.0 = Release|Any CPU
		{A7A2AE83-A407-4EB7-809C-E9F914A94A65}.Debug|Any CPU.ActiveCfg = Debug|Any CPU
		{A7A2AE83-A407-4EB7-809C-E9F914A94A65}.Debug|Any CPU.Build.0 = Debug|Any CPU
		{A7A2AE83-A407-4EB7-809C-E9F914A94A65}.Release|Any CPU.ActiveCfg = Release|Any CPU
		{A7A2AE83-A407-4EB7-809C-E9F914A94A65}.Release|Any CPU.Build.0 = Release|Any CPU
		{DAE85CB5-662C-4C85-979C-F9596F5D1BAC}.Debug|Any CPU.ActiveCfg = Debug|Any CPU
		{DAE85CB5-662C-4C85-979C-F9596F5D1BAC}.Debug|Any CPU.Build.0 = Debug|Any CPU
		{DAE85CB5-662C-4C85-979C-F9596F5D1BAC}.Release|Any CPU.ActiveCfg = Release|Any CPU
		{DAE85CB5-662C-4C85-979C-F9596F5D1BAC}.Release|Any CPU.Build.0 = Release|Any CPU
		{C9A1B71C-1EBB-47E3-AB48-52701336F486}.Debug|Any CPU.ActiveCfg = Debug|Any CPU
		{C9A1B71C-1EBB-47E3-AB48-52701336F486}.Debug|Any CPU.Build.0 = Debug|Any CPU
		{C9A1B71C-1EBB-47E3-AB48-52701336F486}.Release|Any CPU.ActiveCfg = Release|Any CPU
		{C9A1B71C-1EBB-47E3-AB48-52701336F486}.Release|Any CPU.Build.0 = Release|Any CPU
	EndGlobalSection
	GlobalSection(SolutionProperties) = preSolution
		HideSolutionNode = FALSE
	EndGlobalSection
	GlobalSection(NestedProjects) = preSolution
		{12A06EDD-C55A-49DA-B40D-4C449E8AC5E2} = {02EA681E-C7D8-13C7-8484-4AC65E1B71E8}
		{92B01689-9DFC-4455-88B5-6C814C958A71} = {02EA681E-C7D8-13C7-8484-4AC65E1B71E8}
		{AB0F8BDC-1052-4B48-A4BD-4BF0CFF95087} = {02EA681E-C7D8-13C7-8484-4AC65E1B71E8}
		{0D09DF62-9F2C-4C18-9627-4D2F4E1E4AA5} = {0082778D-D640-46FE-B2DD-7A1F7FA2861E}
		{A4F42F51-76D7-4DC1-9E52-8A5F988836ED} = {0082778D-D640-46FE-B2DD-7A1F7FA2861E}
		{E06BDE4F-A3B7-4416-8BA3-1CAB8F252650} = {0082778D-D640-46FE-B2DD-7A1F7FA2861E}
		{A7A2AE83-A407-4EB7-809C-E9F914A94A65} = {3680DC01-77E9-4EB5-B1E9-517BE57C7CC8}
		{DAE85CB5-662C-4C85-979C-F9596F5D1BAC} = {3680DC01-77E9-4EB5-B1E9-517BE57C7CC8}
		{C9A1B71C-1EBB-47E3-AB48-52701336F486} = {3680DC01-77E9-4EB5-B1E9-517BE57C7CC8}
	EndGlobalSection
	GlobalSection(ExtensibilityGlobals) = postSolution
		SolutionGuid = {BC9B5EF6-9016-4E76-9E26-E2B4FE05C62C}
	EndGlobalSection
EndGlobal
