
Microsoft Visual Studio Solution File, Format Version 12.00
# Visual Studio Version 17
VisualStudioVersion = 17.14.36429.23
MinimumVisualStudioVersion = 10.0.40219.1
Project("{2150E333-8FDC-42A3-9474-1A3956D46DE8}") = "Task0", "Task0", "{02EA681E-C7D8-13C7-8484-4AC65E1B71E8}"
EndProject
Project("{FAE04EC0-301F-11D3-BF4B-00C04F79EFBC}") = "Tyuiu.VariiMN.Sprint1.Task0.V19", "Tyuiu.VariiMN.Sprint1.Task0.V19\Tyuiu.VariiMN.Sprint1.Task0.V19.csproj", "{12A06EDD-C55A-49DA-B40D-4C449E8AC5E2}"
EndProject
Project("{FAE04EC0-301F-11D3-BF4B-00C04F79EFBC}") = "Tyuiu.VariiMN.Sprint1.Task0.V19.Test", "Tyuiu.VariiMN.Sprint1.Task0.V19.Test\Tyuiu.VariiMN.Sprint1.Task0.V19.Test.csproj", "{92B01689-9DFC-4455-88B5-6C814C958A71}"
EndProject
Project("{FAE04EC0-301F-11D3-BF4B-00C04F79EFBC}") = "Tyuiu.VariiMN.Sprint1.Task0.V19.Lib", "Tyuiu.VariiMN.Sprint1.Task0.V19.Lib\Tyuiu.VariiMN.Sprint1.Task0.V19.Lib.csproj", "{AB0F8BDC-1052-4B48-A4BD-4BF0CFF95087}"
EndProject
Project("{2150E333-8FDC-42A3-9474-1A3956D46DE8}") = "Task1", "Task1", "{0082778D-D640-46FE-B2DD-7A1F7FA2861E}"
EndProject
Project("{FAE04EC0-301F-11D3-BF4B-00C04F79EFBC}") = "Tyuiu.VariiMN.Sprint1.Task1.V9", "Tyuiu.VariiMN.Sprint1.Task1.V9\Tyuiu.VariiMN.Sprint1.Task1.V9.csproj", "{0D09DF62-9F2C-4C18-9627-4D2F4E1E4AA5}"
EndProject
Project("{FAE04EC0-301F-11D3-BF4B-00C04F79EFBC}") = "Tyuiu.VariiMN.Sprint1.Task1.V9.Lib", "Tyuiu.VariiMN.Sprint1.Task1.V9.Lib\Tyuiu.VariiMN.Sprint1.Task1.V9.Lib.csproj", "{A4F42F51-76D7-4DC1-9E52-8A5F988836ED}"
EndProject
Project("{FAE04EC0-301F-11D3-BF4B-00C04F79EFBC}") = "Tyuiu.VariiMN.Sprint1.Task1.V9.Test", "Tyuiu.VariiMN.Sprint1.Task1.V9.Test\Tyuiu.VariiMN.Sprint1.Task1.V9.Test.csproj", "{E06BDE4F-A3B7-4416-8BA3-1CAB8F252650}"
EndProject
Project("{2150E333-8FDC-42A3-9474-1A3956D46DE8}") = "Task2", "Task2", "{3680DC01-77E9-4EB5-B1E9-517BE57C7CC8}"
EndProject
Project("{FAE04EC0-301F-11D3-BF4B-00C04F79EFBC}") = "Tyuiu.VariiMN.Sprint1.Task2.V15", "Tyuiu.VariiMN.Sprint1.Task2.V15\Tyuiu.VariiMN.Sprint1.Task2.V15.csproj", "{A7A2AE83-A407-4EB7-809C-E9F914A94A65}"
EndProject
Project("{FAE04EC0-301F-11D3-BF4B-00C04F79EFBC}") = "Tyuiu.VariiMN.Sprint1.Task2.V15.Test", "Tyuiu.VariiMN.Sprint1.Task2.V15.Test\Tyuiu.VariiMN.Sprint1.Task2.V15.Test.csproj", "{DAE85CB5-662C-4C85-979C-F9596F5D1BAC}"
EndProject
Project("{FAE04EC0-301F-11D3-BF4B-00C04F79EFBC}") = "Tyuiu.VariiMN.Sprint1.Task2.V15.Lib", "Tyuiu.VariiMN.Sprint1.Task2.V15.Lib\Tyuiu.VariiMN.Sprint1.Task2.V15.Lib.csproj", "{C9A1B71C-1EBB-47E3-AB48-52701336F486}"
EndProject
Project("{2150E333-8FDC-42A3-9474-1A3956D46DE8}") = "Task3", "Task3", "{218407FB-363A-4C1F-B568-DF504A67A063}"
EndProject
Project("{FAE04EC0-301F-11D3-BF4B-00C04F79EFBC}") = "Tyuiu.VariiMN.Sprint1.Task3.V8", "Tyuiu.VariiMN.Sprint1.Task3.V8\Tyuiu.VariiMN.Sprint1.Task3.V8.csproj", "{5089D941-4124-41AA-A8F6-C577C5161DDC}"
EndProject
Project("{FAE04EC0-301F-11D3-BF4B-00C04F79EFBC}") = "Tyuiu.VariiMN.Sprint1.Task3.V8.Lib", "Tyuiu.VariiMN.Sprint1.Task3.V8.Lib\Tyuiu.VariiMN.Sprint1.Task3.V8.Lib.csproj", "{81FA3B3C-99E5-49A1-9CDB-B74AA0B9DD3D}"
EndProject
Project("{FAE04EC0-301F-11D3-BF4B-00C04F79EFBC}") = "Tyuiu.VariiMN.Sprint1.Task3.V8.Test", "Tyuiu.VariiMN.Sprint1.Task3.V8.Test\Tyuiu.VariiMN.Sprint1.Task3.V8.Test.csproj", "{D1F0F499-006A-4446-A58C-85303AB84951}"
EndProject
Project("{2150E333-8FDC-42A3-9474-1A3956D46DE8}") = "Task4", "Task4", "{77FC2097-BB1A-487A-9643-18A7EBDF59C0}"
EndProject
Project("{FAE04EC0-301F-11D3-BF4B-00C04F79EFBC}") = "Tyuiu.VariiMN.Sprint1.Task4.V20", "Tyuiu.VariiMN.Sprint1.Task4.V20\Tyuiu.VariiMN.Sprint1.Task4.V20.csproj", "{9564F7F1-2C98-4E1F-B14F-CE5F979FBD71}"
EndProject
Project("{FAE04EC0-301F-11D3-BF4B-00C04F79EFBC}") = "Tyuiu.VariiMN.Sprint1.Task4.V20.Test", "Tyuiu.VariiMN.Sprint1.Task4.V20.Test\Tyuiu.VariiMN.Sprint1.Task4.V20.Test.csproj", "{527A5BDA-9786-4801-87BA-3983473A0867}"
EndProject
Project("{FAE04EC0-301F-11D3-BF4B-00C04F79EFBC}") = "Tyuiu.VariiMN.Sprint1.Task4.V20.Lib", "Tyuiu.VariiMN.Sprint1.Task4.V20.Lib\Tyuiu.VariiMN.Sprint1.Task4.V20.Lib.csproj", "{A297BD48-4546-4C04-AA26-A1B14221F7E9}"
EndProject
Project("{2150E333-8FDC-42A3-9474-1A3956D46DE8}") = "Task5", "Task5", "{009D17AB-4329-40C0-9880-48ECC62ACB20}"
EndProject
Project("{FAE04EC0-301F-11D3-BF4B-00C04F79EFBC}") = "Tyuiu.VariiMN.Sprint1.Task5.V6.Lib", "Tyuiu.VariiMN.Sprint1.Task5.V6.Lib\Tyuiu.VariiMN.Sprint1.Task5.V6.Lib.csproj", "{143366AD-0FAD-4E79-9081-EA02A25171BF}"
EndProject
Project("{FAE04EC0-301F-11D3-BF4B-00C04F79EFBC}") = "Tyuiu.VariiMN.Sprint1.Task5.V6.Test", "Tyuiu.VariiMN.Sprint1.Task5.V6.Test\Tyuiu.VariiMN.Sprint1.Task5.V6.Test.csproj", "{DA88F537-D51D-4058-B8C4-D6BDB5432ADA}"
EndProject
Project("{FAE04EC0-301F-11D3-BF4B-00C04F79EFBC}") = "Tyuiu.VariiMN.Sprint1.Task5.V6", "Tyuiu.VariiMN.Sprint1.Task5.V6\Tyuiu.VariiMN.Sprint1.Task5.V6.csproj", "{1B2AD65A-D906-4C17-8D04-50981B5D5884}"
EndProject
Project("{2150E333-8FDC-42A3-9474-1A3956D46DE8}") = "Task6", "Task6", "{0D25D473-31F5-4BED-ACC2-72653EC63C7E}"
EndProject
Project("{FAE04EC0-301F-11D3-BF4B-00C04F79EFBC}") = "Tyuiu.VariiMN.Sprint1.Task6.V6", "Tyuiu.VariiMN.Sprint1.Task6.V6\Tyuiu.VariiMN.Sprint1.Task6.V6.csproj", "{DBC4FA60-9333-4A30-9FAD-0CA63123FCF2}"
EndProject
Project("{FAE04EC0-301F-11D3-BF4B-00C04F79EFBC}") = "Tyuiu.VariiMN.Sprint1.Task6.V6.Test", "Tyuiu.VariiMN.Sprint1.Task6.V6.Test\Tyuiu.VariiMN.Sprint1.Task6.V6.Test.csproj", "{B3365967-8D09-4C06-8FCF-42DEB2FC6A9F}"
EndProject
Project("{FAE04EC0-301F-11D3-BF4B-00C04F79EFBC}") = "Tyuiu.VariiMN.Sprint1.Task6.V6.Lib", "Tyuiu.VariiMN.Sprint1.Task6.V6.Lib\Tyuiu.VariiMN.Sprint1.Task6.V6.Lib.csproj", "{C24FA8DE-92E7-4397-9CB4-F2EF166F9E13}"
EndProject
Project("{2150E333-8FDC-42A3-9474-1A3956D46DE8}") = "Task7", "Task7", "{D54B086D-12D4-4957-A371-FE0C1CD95CF5}"
EndProject
Project("{FAE04EC0-301F-11D3-BF4B-00C04F79EFBC}") = "Tyuiu.VariiMN.Sprint1.Task7.V17", "Tyuiu.VariiMN.Sprint1.Task7.V17\Tyuiu.VariiMN.Sprint1.Task7.V17.csproj", "{9D0A3AE6-6075-4B2F-A9A5-3E7B92BF2B14}"
EndProject
Project("{FAE04EC0-301F-11D3-BF4B-00C04F79EFBC}") = "Tyuiu.VariiMN.Sprint1.Task7.V17.Lib", "Tyuiu.VariiMN.Sprint1.Task7.V17.Lib\Tyuiu.VariiMN.Sprint1.Task7.V17.Lib.csproj", "{CB2E55F4-0F54-4B44-840F-DA27849BA4D7}"
EndProject
Project("{FAE04EC0-301F-11D3-BF4B-00C04F79EFBC}") = "Tyuiu.VariiMN.Sprint1.Task7.V17.Test", "Tyuiu.VariiMN.Sprint1.Task7.V17.Test\Tyuiu.VariiMN.Sprint1.Task7.V17.Test.csproj", "{7431ED8D-AC81-4A2E-B5B1-2721B8FFB43F}"
EndProject
Global
	GlobalSection(SolutionConfigurationPlatforms) = preSolution
		Debug|Any CPU = Debug|Any CPU
		Release|Any CPU = Release|Any CPU
	EndGlobalSection
	GlobalSection(ProjectConfigurationPlatforms) = postSolution
		{12A06EDD-C55A-49DA-B40D-4C449E8AC5E2}.Debug|Any CPU.ActiveCfg = Debug|Any CPU
		{12A06EDD-C55A-49DA-B40D-4C449E8AC5E2}.Debug|Any CPU.Build.0 = Debug|Any CPU
		{12A06EDD-C55A-49DA-B40D-4C449E8AC5E2}.Release|Any CPU.ActiveCfg = Release|Any CPU
		{12A06EDD-C55A-49DA-B40D-4C449E8AC5E2}.Release|Any CPU.Build.0 = Release|Any CPU
		{92B01689-9DFC-4455-88B5-6C814C958A71}.Debug|Any CPU.ActiveCfg = Debug|Any CPU
		{92B01689-9DFC-4455-88B5-6C814C958A71}.Debug|Any CPU.Build.0 = Debug|Any CPU
		{92B01689-9DFC-4455-88B5-6C814C958A71}.Release|Any CPU.ActiveCfg = Release|Any CPU
		{92B01689-9DFC-4455-88B5-6C814C958A71}.Release|Any CPU.Build.0 = Release|Any CPU
		{AB0F8BDC-1052-4B48-A4BD-4BF0CFF95087}.Debug|Any CPU.ActiveCfg = Debug|Any CPU
		{AB0F8BDC-1052-4B48-A4BD-4BF0CFF95087}.Debug|Any CPU.Build.0 = Debug|Any CPU
		{AB0F8BDC-1052-4B48-A4BD-4BF0CFF95087}.Release|Any CPU.ActiveCfg = Release|Any CPU
		{AB0F8BDC-1052-4B48-A4BD-4BF0CFF95087}.Release|Any CPU.Build.0 = Release|Any CPU
		{0D09DF62-9F2C-4C18-9627-4D2F4E1E4AA5}.Debug|Any CPU.ActiveCfg = Debug|Any CPU
		{0D09DF62-9F2C-4C18-9627-4D2F4E1E4AA5}.Debug|Any CPU.Build.0 = Debug|Any CPU
		{0D09DF62-9F2C-4C18-9627-4D2F4E1E4AA5}.Release|Any CPU.ActiveCfg = Release|Any CPU
		{0D09DF62-9F2C-4C18-9627-4D2F4E1E4AA5}.Release|Any CPU.Build.0 = Release|Any CPU
		{A4F42F51-76D7-4DC1-9E52-8A5F988836ED}.Debug|Any CPU.ActiveCfg = Debug|Any CPU
		{A4F42F51-76D7-4DC1-9E52-8A5F988836ED}.Debug|Any CPU.Build.0 = Debug|Any CPU
		{A4F42F51-76D7-4DC1-9E52-8A5F988836ED}.Release|Any CPU.ActiveCfg = Release|Any CPU
		{A4F42F51-76D7-4DC1-9E52-8A5F988836ED}.Release|Any CPU.Build.0 = Release|Any CPU
		{E06BDE4F-A3B7-4416-8BA3-1CAB8F252650}.Debug|Any CPU.ActiveCfg = Debug|Any CPU
		{E06BDE4F-A3B7-4416-8BA3-1CAB8F252650}.Debug|Any CPU.Build.0 = Debug|Any CPU
		{E06BDE4F-A3B7-4416-8BA3-1CAB8F252650}.Release|Any CPU.ActiveCfg = Release|Any CPU
		{E06BDE4F-A3B7-4416-8BA3-1CAB8F252650}.Release|Any CPU.Build.0 = Release|Any CPU
		{A7A2AE83-A407-4EB7-809C-E9F914A94A65}.Debug|Any CPU.ActiveCfg = Debug|Any CPU
		{A7A2AE83-A407-4EB7-809C-E9F914A94A65}.Debug|Any CPU.Build.0 = Debug|Any CPU
		{A7A2AE83-A407-4EB7-809C-E9F914A94A65}.Release|Any CPU.ActiveCfg = Release|Any CPU
		{A7A2AE83-A407-4EB7-809C-E9F914A94A65}.Release|Any CPU.Build.0 = Release|Any CPU
		{DAE85CB5-662C-4C85-979C-F9596F5D1BAC}.Debug|Any CPU.ActiveCfg = Debug|Any CPU
		{DAE85CB5-662C-4C85-979C-F9596F5D1BAC}.Debug|Any CPU.Build.0 = Debug|Any CPU
		{DAE85CB5-662C-4C85-979C-F9596F5D1BAC}.Release|Any CPU.ActiveCfg = Release|Any CPU
		{DAE85CB5-662C-4C85-979C-F9596F5D1BAC}.Release|Any CPU.Build.0 = Release|Any CPU
		{C9A1B71C-1EBB-47E3-AB48-52701336F486}.Debug|Any CPU.ActiveCfg = Debug|Any CPU
		{C9A1B71C-1EBB-47E3-AB48-52701336F486}.Debug|Any CPU.Build.0 = Debug|Any CPU
		{C9A1B71C-1EBB-47E3-AB48-52701336F486}.Release|Any CPU.ActiveCfg = Release|Any CPU
		{C9A1B71C-1EBB-47E3-AB48-52701336F486}.Release|Any CPU.Build.0 = Release|Any CPU
		{5089D941-4124-41AA-A8F6-C577C5161DDC}.Debug|Any CPU.ActiveCfg = Debug|Any CPU
		{5089D941-4124-41AA-A8F6-C577C5161DDC}.Debug|Any CPU.Build.0 = Debug|Any CPU
		{5089D941-4124-41AA-A8F6-C577C5161DDC}.Release|Any CPU.ActiveCfg = Release|Any CPU
		{5089D941-4124-41AA-A8F6-C577C5161DDC}.Release|Any CPU.Build.0 = Release|Any CPU
		{81FA3B3C-99E5-49A1-9CDB-B74AA0B9DD3D}.Debug|Any CPU.ActiveCfg = Debug|Any CPU
		{81FA3B3C-99E5-49A1-9CDB-B74AA0B9DD3D}.Debug|Any CPU.Build.0 = Debug|Any CPU
		{81FA3B3C-99E5-49A1-9CDB-B74AA0B9DD3D}.Release|Any CPU.ActiveCfg = Release|Any CPU
		{81FA3B3C-99E5-49A1-9CDB-B74AA0B9DD3D}.Release|Any CPU.Build.0 = Release|Any CPU
		{D1F0F499-006A-4446-A58C-85303AB84951}.Debug|Any CPU.ActiveCfg = Debug|Any CPU
		{D1F0F499-006A-4446-A58C-85303AB84951}.Debug|Any CPU.Build.0 = Debug|Any CPU
		{D1F0F499-006A-4446-A58C-85303AB84951}.Release|Any CPU.ActiveCfg = Release|Any CPU
		{D1F0F499-006A-4446-A58C-85303AB84951}.Release|Any CPU.Build.0 = Release|Any CPU
		{9564F7F1-2C98-4E1F-B14F-CE5F979FBD71}.Debug|Any CPU.ActiveCfg = Debug|Any CPU
		{9564F7F1-2C98-4E1F-B14F-CE5F979FBD71}.Debug|Any CPU.Build.0 = Debug|Any CPU
		{9564F7F1-2C98-4E1F-B14F-CE5F979FBD71}.Release|Any CPU.ActiveCfg = Release|Any CPU
		{9564F7F1-2C98-4E1F-B14F-CE5F979FBD71}.Release|Any CPU.Build.0 = Release|Any CPU
		{527A5BDA-9786-4801-87BA-3983473A0867}.Debug|Any CPU.ActiveCfg = Debug|Any CPU
		{527A5BDA-9786-4801-87BA-3983473A0867}.Debug|Any CPU.Build.0 = Debug|Any CPU
		{527A5BDA-9786-4801-87BA-3983473A0867}.Release|Any CPU.ActiveCfg = Release|Any CPU
		{527A5BDA-9786-4801-87BA-3983473A0867}.Release|Any CPU.Build.0 = Release|Any CPU
		{A297BD48-4546-4C04-AA26-A1B14221F7E9}.Debug|Any CPU.ActiveCfg = Debug|Any CPU
		{A297BD48-4546-4C04-AA26-A1B14221F7E9}.Debug|Any CPU.Build.0 = Debug|Any CPU
		{A297BD48-4546-4C04-AA26-A1B14221F7E9}.Release|Any CPU.ActiveCfg = Release|Any CPU
		{A297BD48-4546-4C04-AA26-A1B14221F7E9}.Release|Any CPU.Build.0 = Release|Any CPU
		{143366AD-0FAD-4E79-9081-EA02A25171BF}.Debug|Any CPU.ActiveCfg = Debug|Any CPU
		{143366AD-0FAD-4E79-9081-EA02A25171BF}.Debug|Any CPU.Build.0 = Debug|Any CPU
		{143366AD-0FAD-4E79-9081-EA02A25171BF}.Release|Any CPU.ActiveCfg = Release|Any CPU
		{143366AD-0FAD-4E79-9081-EA02A25171BF}.Release|Any CPU.Build.0 = Release|Any CPU
		{DA88F537-D51D-4058-B8C4-D6BDB5432ADA}.Debug|Any CPU.ActiveCfg = Debug|Any CPU
		{DA88F537-D51D-4058-B8C4-D6BDB5432ADA}.Debug|Any CPU.Build.0 = Debug|Any CPU
		{DA88F537-D51D-4058-B8C4-D6BDB5432ADA}.Release|Any CPU.ActiveCfg = Release|Any CPU
		{DA88F537-D51D-4058-B8C4-D6BDB5432ADA}.Release|Any CPU.Build.0 = Release|Any CPU
		{1B2AD65A-D906-4C17-8D04-50981B5D5884}.Debug|Any CPU.ActiveCfg = Debug|Any CPU
		{1B2AD65A-D906-4C17-8D04-50981B5D5884}.Debug|Any CPU.Build.0 = Debug|Any CPU
		{1B2AD65A-D906-4C17-8D04-50981B5D5884}.Release|Any CPU.ActiveCfg = Release|Any CPU
		{1B2AD65A-D906-4C17-8D04-50981B5D5884}.Release|Any CPU.Build.0 = Release|Any CPU
		{DBC4FA60-9333-4A30-9FAD-0CA63123FCF2}.Debug|Any CPU.ActiveCfg = Debug|Any CPU
		{DBC4FA60-9333-4A30-9FAD-0CA63123FCF2}.Debug|Any CPU.Build.0 = Debug|Any CPU
		{DBC4FA60-9333-4A30-9FAD-0CA63123FCF2}.Release|Any CPU.ActiveCfg = Release|Any CPU
		{DBC4FA60-9333-4A30-9FAD-0CA63123FCF2}.Release|Any CPU.Build.0 = Release|Any CPU
		{B3365967-8D09-4C06-8FCF-42DEB2FC6A9F}.Debug|Any CPU.ActiveCfg = Debug|Any CPU
		{B3365967-8D09-4C06-8FCF-42DEB2FC6A9F}.Debug|Any CPU.Build.0 = Debug|Any CPU
		{B3365967-8D09-4C06-8FCF-42DEB2FC6A9F}.Release|Any CPU.ActiveCfg = Release|Any CPU
		{B3365967-8D09-4C06-8FCF-42DEB2FC6A9F}.Release|Any CPU.Build.0 = Release|Any CPU
		{C24FA8DE-92E7-4397-9CB4-F2EF166F9E13}.Debug|Any CPU.ActiveCfg = Debug|Any CPU
		{C24FA8DE-92E7-4397-9CB4-F2EF166F9E13}.Debug|Any CPU.Build.0 = Debug|Any CPU
		{C24FA8DE-92E7-4397-9CB4-F2EF166F9E13}.Release|Any CPU.ActiveCfg = Release|Any CPU
		{C24FA8DE-92E7-4397-9CB4-F2EF166F9E13}.Release|Any CPU.Build.0 = Release|Any CPU
		{9D0A3AE6-6075-4B2F-A9A5-3E7B92BF2B14}.Debug|Any CPU.ActiveCfg = Debug|Any CPU
		{9D0A3AE6-6075-4B2F-A9A5-3E7B92BF2B14}.Debug|Any CPU.Build.0 = Debug|Any CPU
		{9D0A3AE6-6075-4B2F-A9A5-3E7B92BF2B14}.Release|Any CPU.ActiveCfg = Release|Any CPU
		{9D0A3AE6-6075-4B2F-A9A5-3E7B92BF2B14}.Release|Any CPU.Build.0 = Release|Any CPU
		{CB2E55F4-0F54-4B44-840F-DA27849BA4D7}.Debug|Any CPU.ActiveCfg = Debug|Any CPU
		{CB2E55F4-0F54-4B44-840F-DA27849BA4D7}.Debug|Any CPU.Build.0 = Debug|Any CPU
		{CB2E55F4-0F54-4B44-840F-DA27849BA4D7}.Release|Any CPU.ActiveCfg = Release|Any CPU
		{CB2E55F4-0F54-4B44-840F-DA27849BA4D7}.Release|Any CPU.Build.0 = Release|Any CPU
		{7431ED8D-AC81-4A2E-B5B1-2721B8FFB43F}.Debug|Any CPU.ActiveCfg = Debug|Any CPU
		{7431ED8D-AC81-4A2E-B5B1-2721B8FFB43F}.Debug|Any CPU.Build.0 = Debug|Any CPU
		{7431ED8D-AC81-4A2E-B5B1-2721B8FFB43F}.Release|Any CPU.ActiveCfg = Release|Any CPU
		{7431ED8D-AC81-4A2E-B5B1-2721B8FFB43F}.Release|Any CPU.Build.0 = Release|Any CPU
	EndGlobalSection
	GlobalSection(SolutionProperties) = preSolution
		HideSolutionNode = FALSE
	EndGlobalSection
	GlobalSection(NestedProjects) = preSolution
		{12A06EDD-C55A-49DA-B40D-4C449E8AC5E2} = {02EA681E-C7D8-13C7-8484-4AC65E1B71E8}
		{92B01689-9DFC-4455-88B5-6C814C958A71} = {02EA681E-C7D8-13C7-8484-4AC65E1B71E8}
		{AB0F8BDC-1052-4B48-A4BD-4BF0CFF95087} = {02EA681E-C7D8-13C7-8484-4AC65E1B71E8}
		{0D09DF62-9F2C-4C18-9627-4D2F4E1E4AA5} = {0082778D-D640-46FE-B2DD-7A1F7FA2861E}
		{A4F42F51-76D7-4DC1-9E52-8A5F988836ED} = {0082778D-D640-46FE-B2DD-7A1F7FA2861E}
		{E06BDE4F-A3B7-4416-8BA3-1CAB8F252650} = {0082778D-D640-46FE-B2DD-7A1F7FA2861E}
		{A7A2AE83-A407-4EB7-809C-E9F914A94A65} = {3680DC01-77E9-4EB5-B1E9-517BE57C7CC8}
		{DAE85CB5-662C-4C85-979C-F9596F5D1BAC} = {3680DC01-77E9-4EB5-B1E9-517BE57C7CC8}
		{C9A1B71C-1EBB-47E3-AB48-52701336F486} = {3680DC01-77E9-4EB5-B1E9-517BE57C7CC8}
		{5089D941-4124-41AA-A8F6-C577C5161DDC} = {218407FB-363A-4C1F-B568-DF504A67A063}
		{81FA3B3C-99E5-49A1-9CDB-B74AA0B9DD3D} = {218407FB-363A-4C1F-B568-DF504A67A063}
		{D1F0F499-006A-4446-A58C-85303AB84951} = {218407FB-363A-4C1F-B568-DF504A67A063}
		{9564F7F1-2C98-4E1F-B14F-CE5F979FBD71} = {77FC2097-BB1A-487A-9643-18A7EBDF59C0}
		{527A5BDA-9786-4801-87BA-3983473A0867} = {77FC2097-BB1A-487A-9643-18A7EBDF59C0}
		{A297BD48-4546-4C04-AA26-A1B14221F7E9} = {77FC2097-BB1A-487A-9643-18A7EBDF59C0}
		{143366AD-0FAD-4E79-9081-EA02A25171BF} = {009D17AB-4329-40C0-9880-48ECC62ACB20}
		{DA88F537-D51D-4058-B8C4-D6BDB5432ADA} = {009D17AB-4329-40C0-9880-48ECC62ACB20}
		{1B2AD65A-D906-4C17-8D04-50981B5D5884} = {009D17AB-4329-40C0-9880-48ECC62ACB20}
		{DBC4FA60-9333-4A30-9FAD-0CA63123FCF2} = {0D25D473-31F5-4BED-ACC2-72653EC63C7E}
		{B3365967-8D09-4C06-8FCF-42DEB2FC6A9F} = {0D25D473-31F5-4BED-ACC2-72653EC63C7E}
		{C24FA8DE-92E7-4397-9CB4-F2EF166F9E13} = {0D25D473-31F5-4BED-ACC2-72653EC63C7E}
		{9D0A3AE6-6075-4B2F-A9A5-3E7B92BF2B14} = {D54B086D-12D4-4957-A371-FE0C1CD95CF5}
		{CB2E55F4-0F54-4B44-840F-DA27849BA4D7} = {D54B086D-12D4-4957-A371-FE0C1CD95CF5}
		{7431ED8D-AC81-4A2E-B5B1-2721B8FFB43F} = {D54B086D-12D4-4957-A371-FE0C1CD95CF5}
	EndGlobalSection
	GlobalSection(ExtensibilityGlobals) = postSolution
		SolutionGuid = {BC9B5EF6-9016-4E76-9E26-E2B4FE05C62C}
	EndGlobalSection
EndGlobal
